
Microsoft Visual Studio Solution File, Format Version 12.00
# Visual Studio 15
VisualStudioVersion = 15.0.28307.572
MinimumVisualStudioVersion = 10.0.40219.1
Project("{8BC9CEB8-8B4A-11D0-8D11-00A0C91BC942}") = "WindowsProject-2D", "WindowsProject-2D\WindowsProject-2D.vcxproj", "{29B989A5-C68B-4AC4-A780-691D7BAABEF1}"
	ProjectSection(ProjectDependencies) = postProject
		{33E1E90B-870D-41FC-931B-2262F2B84A18} = {33E1E90B-870D-41FC-931B-2262F2B84A18}
	EndProjectSection
EndProject
Project("{8BC9CEB8-8B4A-11D0-8D11-00A0C91BC942}") = "TBasis_2D", "TBasis_2D\TBasis_2D.vcxproj", "{4CD6AF99-79AA-410D-92F2-910B309E1A53}"
EndProject
Project("{8BC9CEB8-8B4A-11D0-8D11-00A0C91BC942}") = "CAWindow", "CAWindow\CAWindow.vcxproj", "{C44789B3-FD56-4796-869E-B23052030979}"
EndProject
Project("{8BC9CEB8-8B4A-11D0-8D11-00A0C91BC942}") = "CAWindow_Lib", "CAWindow_Lib\CAWindow_Lib.vcxproj", "{33E1E90B-870D-41FC-931B-2262F2B84A18}"
EndProject
Project("{8BC9CEB8-8B4A-11D0-8D11-00A0C91BC942}") = "DrawBitmap", "DrawBitmap\DrawBitmap.vcxproj", "{8BD4AFAE-8312-4397-858E-BBDB1D2AA060}"
	ProjectSection(ProjectDependencies) = postProject
		{33E1E90B-870D-41FC-931B-2262F2B84A18} = {33E1E90B-870D-41FC-931B-2262F2B84A18}
	EndProjectSection
EndProject
Project("{8BC9CEB8-8B4A-11D0-8D11-00A0C91BC942}") = "DrawBitmap_MK2", "DrawBitmap_MK2\DrawBitmap_MK2.vcxproj", "{A01BFFDD-F34C-4513-AA97-FAFFD05F0182}"
	ProjectSection(ProjectDependencies) = postProject
		{33E1E90B-870D-41FC-931B-2262F2B84A18} = {33E1E90B-870D-41FC-931B-2262F2B84A18}
	EndProjectSection
EndProject
Project("{8BC9CEB8-8B4A-11D0-8D11-00A0C91BC942}") = "DanteMayCry", "DanteMayCry\DanteMayCry.vcxproj", "{FEA58912-2369-44C6-ABC4-8BBCB48E65D2}"
	ProjectSection(ProjectDependencies) = postProject
		{33E1E90B-870D-41FC-931B-2262F2B84A18} = {33E1E90B-870D-41FC-931B-2262F2B84A18}
	EndProjectSection
EndProject
Project("{8BC9CEB8-8B4A-11D0-8D11-00A0C91BC942}") = "Necro", "Necro\Necro.vcxproj", "{E0AFF7BB-CE95-4808-B68F-BA06DDA72B07}"
	ProjectSection(ProjectDependencies) = postProject
		{33E1E90B-870D-41FC-931B-2262F2B84A18} = {33E1E90B-870D-41FC-931B-2262F2B84A18}
	EndProjectSection
EndProject
Project("{8BC9CEB8-8B4A-11D0-8D11-00A0C91BC942}") = "ClientSocket", "ClientSocket\ClientSocket.vcxproj", "{CB01BD87-EF56-48AC-9A55-F54A5ACE1F1E}"
EndProject
Project("{8BC9CEB8-8B4A-11D0-8D11-00A0C91BC942}") = "ServerSocket", "ServerSocket\ServerSocket.vcxproj", "{00547D5A-E09A-4064-92EE-6E932EC5E410}"
EndProject
Project("{8BC9CEB8-8B4A-11D0-8D11-00A0C91BC942}") = "ClientThread", "ClientThread\ClientThread.vcxproj", "{6002C0CA-5F3E-4419-AA2A-A088ABE8D23D}"
EndProject
Project("{8BC9CEB8-8B4A-11D0-8D11-00A0C91BC942}") = "SamplePacket", "SamplePacket\SamplePacket.vcxproj", "{06549C2B-01A9-4823-BA3C-EF186A18C95A}"
EndProject
Project("{2150E333-8FDC-42A3-9474-1A3956D46DE8}") = "Server", "Server", "{429A6C05-CE88-4F0E-A40B-68E7DDBA0412}"
EndProject
Project("{2150E333-8FDC-42A3-9474-1A3956D46DE8}") = "2D_GAME", "2D_GAME", "{6A70A7F1-BF50-4E04-9DA5-D4D459E2C77F}"
EndProject
Project("{2150E333-8FDC-42A3-9474-1A3956D46DE8}") = "Window,lib", "Window,lib", "{EDAB46D8-DC54-4A08-8F24-04B06689AA70}"
EndProject
Project("{8BC9CEB8-8B4A-11D0-8D11-00A0C91BC942}") = "SamplePacket_Client", "SamplePacket_Client\SamplePacket_Client.vcxproj", "{8BE5236B-E998-4234-9911-12A27EC865A6}"
EndProject
Project("{8BC9CEB8-8B4A-11D0-8D11-00A0C91BC942}") = "Black_Jack", "Black_Jack\Black_Jack.vcxproj", "{BC5572F6-F2C8-416C-8CD2-C35FA8AACC76}"
EndProject
Global
	GlobalSection(SolutionConfigurationPlatforms) = preSolution
		Debug|x64 = Debug|x64
		Debug|x86 = Debug|x86
		Release|x64 = Release|x64
		Release|x86 = Release|x86
	EndGlobalSection
	GlobalSection(ProjectConfigurationPlatforms) = postSolution
		{29B989A5-C68B-4AC4-A780-691D7BAABEF1}.Debug|x64.ActiveCfg = Debug|x64
		{29B989A5-C68B-4AC4-A780-691D7BAABEF1}.Debug|x64.Build.0 = Debug|x64
		{29B989A5-C68B-4AC4-A780-691D7BAABEF1}.Debug|x86.ActiveCfg = Debug|Win32
		{29B989A5-C68B-4AC4-A780-691D7BAABEF1}.Debug|x86.Build.0 = Debug|Win32
		{29B989A5-C68B-4AC4-A780-691D7BAABEF1}.Release|x64.ActiveCfg = Release|x64
		{29B989A5-C68B-4AC4-A780-691D7BAABEF1}.Release|x64.Build.0 = Release|x64
		{29B989A5-C68B-4AC4-A780-691D7BAABEF1}.Release|x86.ActiveCfg = Release|Win32
		{29B989A5-C68B-4AC4-A780-691D7BAABEF1}.Release|x86.Build.0 = Release|Win32
		{4CD6AF99-79AA-410D-92F2-910B309E1A53}.Debug|x64.ActiveCfg = Debug|x64
		{4CD6AF99-79AA-410D-92F2-910B309E1A53}.Debug|x64.Build.0 = Debug|x64
		{4CD6AF99-79AA-410D-92F2-910B309E1A53}.Debug|x86.ActiveCfg = Debug|Win32
		{4CD6AF99-79AA-410D-92F2-910B309E1A53}.Debug|x86.Build.0 = Debug|Win32
		{4CD6AF99-79AA-410D-92F2-910B309E1A53}.Release|x64.ActiveCfg = Release|x64
		{4CD6AF99-79AA-410D-92F2-910B309E1A53}.Release|x64.Build.0 = Release|x64
		{4CD6AF99-79AA-410D-92F2-910B309E1A53}.Release|x86.ActiveCfg = Release|Win32
		{4CD6AF99-79AA-410D-92F2-910B309E1A53}.Release|x86.Build.0 = Release|Win32
		{C44789B3-FD56-4796-869E-B23052030979}.Debug|x64.ActiveCfg = Debug|x64
		{C44789B3-FD56-4796-869E-B23052030979}.Debug|x64.Build.0 = Debug|x64
		{C44789B3-FD56-4796-869E-B23052030979}.Debug|x86.ActiveCfg = Debug|Win32
		{C44789B3-FD56-4796-869E-B23052030979}.Debug|x86.Build.0 = Debug|Win32
		{C44789B3-FD56-4796-869E-B23052030979}.Release|x64.ActiveCfg = Release|x64
		{C44789B3-FD56-4796-869E-B23052030979}.Release|x64.Build.0 = Release|x64
		{C44789B3-FD56-4796-869E-B23052030979}.Release|x86.ActiveCfg = Release|Win32
		{C44789B3-FD56-4796-869E-B23052030979}.Release|x86.Build.0 = Release|Win32
		{33E1E90B-870D-41FC-931B-2262F2B84A18}.Debug|x64.ActiveCfg = Debug|x64
		{33E1E90B-870D-41FC-931B-2262F2B84A18}.Debug|x64.Build.0 = Debug|x64
		{33E1E90B-870D-41FC-931B-2262F2B84A18}.Debug|x86.ActiveCfg = Debug|Win32
		{33E1E90B-870D-41FC-931B-2262F2B84A18}.Debug|x86.Build.0 = Debug|Win32
		{33E1E90B-870D-41FC-931B-2262F2B84A18}.Release|x64.ActiveCfg = Release|x64
		{33E1E90B-870D-41FC-931B-2262F2B84A18}.Release|x64.Build.0 = Release|x64
		{33E1E90B-870D-41FC-931B-2262F2B84A18}.Release|x86.ActiveCfg = Release|Win32
		{33E1E90B-870D-41FC-931B-2262F2B84A18}.Release|x86.Build.0 = Release|Win32
		{8BD4AFAE-8312-4397-858E-BBDB1D2AA060}.Debug|x64.ActiveCfg = Debug|x64
		{8BD4AFAE-8312-4397-858E-BBDB1D2AA060}.Debug|x64.Build.0 = Debug|x64
		{8BD4AFAE-8312-4397-858E-BBDB1D2AA060}.Debug|x86.ActiveCfg = Debug|Win32
		{8BD4AFAE-8312-4397-858E-BBDB1D2AA060}.Debug|x86.Build.0 = Debug|Win32
		{8BD4AFAE-8312-4397-858E-BBDB1D2AA060}.Release|x64.ActiveCfg = Release|x64
		{8BD4AFAE-8312-4397-858E-BBDB1D2AA060}.Release|x64.Build.0 = Release|x64
		{8BD4AFAE-8312-4397-858E-BBDB1D2AA060}.Release|x86.ActiveCfg = Release|Win32
		{8BD4AFAE-8312-4397-858E-BBDB1D2AA060}.Release|x86.Build.0 = Release|Win32
		{A01BFFDD-F34C-4513-AA97-FAFFD05F0182}.Debug|x64.ActiveCfg = Debug|x64
		{A01BFFDD-F34C-4513-AA97-FAFFD05F0182}.Debug|x64.Build.0 = Debug|x64
		{A01BFFDD-F34C-4513-AA97-FAFFD05F0182}.Debug|x86.ActiveCfg = Debug|Win32
		{A01BFFDD-F34C-4513-AA97-FAFFD05F0182}.Debug|x86.Build.0 = Debug|Win32
		{A01BFFDD-F34C-4513-AA97-FAFFD05F0182}.Release|x64.ActiveCfg = Release|x64
		{A01BFFDD-F34C-4513-AA97-FAFFD05F0182}.Release|x64.Build.0 = Release|x64
		{A01BFFDD-F34C-4513-AA97-FAFFD05F0182}.Release|x86.ActiveCfg = Release|Win32
		{A01BFFDD-F34C-4513-AA97-FAFFD05F0182}.Release|x86.Build.0 = Release|Win32
		{FEA58912-2369-44C6-ABC4-8BBCB48E65D2}.Debug|x64.ActiveCfg = Debug|x64
		{FEA58912-2369-44C6-ABC4-8BBCB48E65D2}.Debug|x64.Build.0 = Debug|x64
		{FEA58912-2369-44C6-ABC4-8BBCB48E65D2}.Debug|x86.ActiveCfg = Debug|Win32
		{FEA58912-2369-44C6-ABC4-8BBCB48E65D2}.Debug|x86.Build.0 = Debug|Win32
		{FEA58912-2369-44C6-ABC4-8BBCB48E65D2}.Release|x64.ActiveCfg = Release|x64
		{FEA58912-2369-44C6-ABC4-8BBCB48E65D2}.Release|x64.Build.0 = Release|x64
		{FEA58912-2369-44C6-ABC4-8BBCB48E65D2}.Release|x86.ActiveCfg = Release|Win32
		{FEA58912-2369-44C6-ABC4-8BBCB48E65D2}.Release|x86.Build.0 = Release|Win32
		{E0AFF7BB-CE95-4808-B68F-BA06DDA72B07}.Debug|x64.ActiveCfg = Debug|x64
		{E0AFF7BB-CE95-4808-B68F-BA06DDA72B07}.Debug|x64.Build.0 = Debug|x64
		{E0AFF7BB-CE95-4808-B68F-BA06DDA72B07}.Debug|x86.ActiveCfg = Debug|Win32
		{E0AFF7BB-CE95-4808-B68F-BA06DDA72B07}.Debug|x86.Build.0 = Debug|Win32
		{E0AFF7BB-CE95-4808-B68F-BA06DDA72B07}.Release|x64.ActiveCfg = Release|x64
		{E0AFF7BB-CE95-4808-B68F-BA06DDA72B07}.Release|x64.Build.0 = Release|x64
		{E0AFF7BB-CE95-4808-B68F-BA06DDA72B07}.Release|x86.ActiveCfg = Release|Win32
		{E0AFF7BB-CE95-4808-B68F-BA06DDA72B07}.Release|x86.Build.0 = Release|Win32
		{CB01BD87-EF56-48AC-9A55-F54A5ACE1F1E}.Debug|x64.ActiveCfg = Debug|x64
		{CB01BD87-EF56-48AC-9A55-F54A5ACE1F1E}.Debug|x64.Build.0 = Debug|x64
		{CB01BD87-EF56-48AC-9A55-F54A5ACE1F1E}.Debug|x86.ActiveCfg = Debug|Win32
		{CB01BD87-EF56-48AC-9A55-F54A5ACE1F1E}.Debug|x86.Build.0 = Debug|Win32
		{CB01BD87-EF56-48AC-9A55-F54A5ACE1F1E}.Release|x64.ActiveCfg = Release|x64
		{CB01BD87-EF56-48AC-9A55-F54A5ACE1F1E}.Release|x64.Build.0 = Release|x64
		{CB01BD87-EF56-48AC-9A55-F54A5ACE1F1E}.Release|x86.ActiveCfg = Release|Win32
		{CB01BD87-EF56-48AC-9A55-F54A5ACE1F1E}.Release|x86.Build.0 = Release|Win32
		{00547D5A-E09A-4064-92EE-6E932EC5E410}.Debug|x64.ActiveCfg = Debug|x64
		{00547D5A-E09A-4064-92EE-6E932EC5E410}.Debug|x64.Build.0 = Debug|x64
		{00547D5A-E09A-4064-92EE-6E932EC5E410}.Debug|x86.ActiveCfg = Debug|Win32
		{00547D5A-E09A-4064-92EE-6E932EC5E410}.Debug|x86.Build.0 = Debug|Win32
		{00547D5A-E09A-4064-92EE-6E932EC5E410}.Release|x64.ActiveCfg = Release|x64
		{00547D5A-E09A-4064-92EE-6E932EC5E410}.Release|x64.Build.0 = Release|x64
		{00547D5A-E09A-4064-92EE-6E932EC5E410}.Release|x86.ActiveCfg = Release|Win32
		{00547D5A-E09A-4064-92EE-6E932EC5E410}.Release|x86.Build.0 = Release|Win32
		{6002C0CA-5F3E-4419-AA2A-A088ABE8D23D}.Debug|x64.ActiveCfg = Debug|x64
		{6002C0CA-5F3E-4419-AA2A-A088ABE8D23D}.Debug|x64.Build.0 = Debug|x64
		{6002C0CA-5F3E-4419-AA2A-A088ABE8D23D}.Debug|x86.ActiveCfg = Debug|Win32
		{6002C0CA-5F3E-4419-AA2A-A088ABE8D23D}.Debug|x86.Build.0 = Debug|Win32
		{6002C0CA-5F3E-4419-AA2A-A088ABE8D23D}.Release|x64.ActiveCfg = Release|x64
		{6002C0CA-5F3E-4419-AA2A-A088ABE8D23D}.Release|x64.Build.0 = Release|x64
		{6002C0CA-5F3E-4419-AA2A-A088ABE8D23D}.Release|x86.ActiveCfg = Release|Win32
		{6002C0CA-5F3E-4419-AA2A-A088ABE8D23D}.Release|x86.Build.0 = Release|Win32
		{06549C2B-01A9-4823-BA3C-EF186A18C95A}.Debug|x64.ActiveCfg = Debug|x64
		{06549C2B-01A9-4823-BA3C-EF186A18C95A}.Debug|x64.Build.0 = Debug|x64
		{06549C2B-01A9-4823-BA3C-EF186A18C95A}.Debug|x86.ActiveCfg = Debug|Win32
		{06549C2B-01A9-4823-BA3C-EF186A18C95A}.Debug|x86.Build.0 = Debug|Win32
		{06549C2B-01A9-4823-BA3C-EF186A18C95A}.Release|x64.ActiveCfg = Release|x64
		{06549C2B-01A9-4823-BA3C-EF186A18C95A}.Release|x64.Build.0 = Release|x64
		{06549C2B-01A9-4823-BA3C-EF186A18C95A}.Release|x86.ActiveCfg = Release|Win32
		{06549C2B-01A9-4823-BA3C-EF186A18C95A}.Release|x86.Build.0 = Release|Win32
		{8BE5236B-E998-4234-9911-12A27EC865A6}.Debug|x64.ActiveCfg = Debug|x64
		{8BE5236B-E998-4234-9911-12A27EC865A6}.Debug|x64.Build.0 = Debug|x64
		{8BE5236B-E998-4234-9911-12A27EC865A6}.Debug|x86.ActiveCfg = Debug|Win32
		{8BE5236B-E998-4234-9911-12A27EC865A6}.Debug|x86.Build.0 = Debug|Win32
		{8BE5236B-E998-4234-9911-12A27EC865A6}.Release|x64.ActiveCfg = Release|x64
		{8BE5236B-E998-4234-9911-12A27EC865A6}.Release|x64.Build.0 = Release|x64
		{8BE5236B-E998-4234-9911-12A27EC865A6}.Release|x86.ActiveCfg = Release|Win32
		{8BE5236B-E998-4234-9911-12A27EC865A6}.Release|x86.Build.0 = Release|Win32
		{BC5572F6-F2C8-416C-8CD2-C35FA8AACC76}.Debug|x64.ActiveCfg = Debug|x64
		{BC5572F6-F2C8-416C-8CD2-C35FA8AACC76}.Debug|x64.Build.0 = Debug|x64
		{BC5572F6-F2C8-416C-8CD2-C35FA8AACC76}.Debug|x86.ActiveCfg = Debug|Win32
		{BC5572F6-F2C8-416C-8CD2-C35FA8AACC76}.Debug|x86.Build.0 = Debug|Win32
		{BC5572F6-F2C8-416C-8CD2-C35FA8AACC76}.Release|x64.ActiveCfg = Release|x64
		{BC5572F6-F2C8-416C-8CD2-C35FA8AACC76}.Release|x64.Build.0 = Release|x64
		{BC5572F6-F2C8-416C-8CD2-C35FA8AACC76}.Release|x86.ActiveCfg = Release|Win32
		{BC5572F6-F2C8-416C-8CD2-C35FA8AACC76}.Release|x86.Build.0 = Release|Win32
	EndGlobalSection
	GlobalSection(SolutionProperties) = preSolution
		HideSolutionNode = FALSE
	EndGlobalSection
	GlobalSection(NestedProjects) = preSolution
		{29B989A5-C68B-4AC4-A780-691D7BAABEF1} = {EDAB46D8-DC54-4A08-8F24-04B06689AA70}
		{4CD6AF99-79AA-410D-92F2-910B309E1A53} = {EDAB46D8-DC54-4A08-8F24-04B06689AA70}
		{C44789B3-FD56-4796-869E-B23052030979} = {EDAB46D8-DC54-4A08-8F24-04B06689AA70}
		{33E1E90B-870D-41FC-931B-2262F2B84A18} = {EDAB46D8-DC54-4A08-8F24-04B06689AA70}
		{8BD4AFAE-8312-4397-858E-BBDB1D2AA060} = {EDAB46D8-DC54-4A08-8F24-04B06689AA70}
		{A01BFFDD-F34C-4513-AA97-FAFFD05F0182} = {EDAB46D8-DC54-4A08-8F24-04B06689AA70}
		{FEA58912-2369-44C6-ABC4-8BBCB48E65D2} = {6A70A7F1-BF50-4E04-9DA5-D4D459E2C77F}
		{E0AFF7BB-CE95-4808-B68F-BA06DDA72B07} = {6A70A7F1-BF50-4E04-9DA5-D4D459E2C77F}
		{CB01BD87-EF56-48AC-9A55-F54A5ACE1F1E} = {429A6C05-CE88-4F0E-A40B-68E7DDBA0412}
		{00547D5A-E09A-4064-92EE-6E932EC5E410} = {429A6C05-CE88-4F0E-A40B-68E7DDBA0412}
		{6002C0CA-5F3E-4419-AA2A-A088ABE8D23D} = {429A6C05-CE88-4F0E-A40B-68E7DDBA0412}
		{06549C2B-01A9-4823-BA3C-EF186A18C95A} = {429A6C05-CE88-4F0E-A40B-68E7DDBA0412}
		{8BE5236B-E998-4234-9911-12A27EC865A6} = {429A6C05-CE88-4F0E-A40B-68E7DDBA0412}
		{BC5572F6-F2C8-416C-8CD2-C35FA8AACC76} = {6A70A7F1-BF50-4E04-9DA5-D4D459E2C77F}
	EndGlobalSection
	GlobalSection(ExtensibilityGlobals) = postSolution
		SolutionGuid = {1A943983-5CA3-4FA3-9DEB-AB351018EA34}
	EndGlobalSection
EndGlobal
