
Microsoft Visual Studio Solution File, Format Version 12.00
# Visual Studio 15
VisualStudioVersion = 15.0.28307.572
MinimumVisualStudioVersion = 10.0.40219.1
Project("{8BC9CEB8-8B4A-11D0-8D11-00A0C91BC942}") = "WindowsProject-2D", "WindowsProject-2D\WindowsProject-2D.vcxproj", "{29B989A5-C68B-4AC4-A780-691D7BAABEF1}"
EndProject
Project("{8BC9CEB8-8B4A-11D0-8D11-00A0C91BC942}") = "TBasis_2D", "TBasis_2D\TBasis_2D.vcxproj", "{4CD6AF99-79AA-410D-92F2-910B309E1A53}"
EndProject
Project("{8BC9CEB8-8B4A-11D0-8D11-00A0C91BC942}") = "CAWindow", "CAWindow\CAWindow.vcxproj", "{C44789B3-FD56-4796-869E-B23052030979}"
EndProject
Project("{8BC9CEB8-8B4A-11D0-8D11-00A0C91BC942}") = "CAWindow_Lib", "CAWindow_Lib\CAWindow_Lib.vcxproj", "{33E1E90B-870D-41FC-931B-2262F2B84A18}"
EndProject
Project("{8BC9CEB8-8B4A-11D0-8D11-00A0C91BC942}") = "DrawBitmap", "DrawBitmap\DrawBitmap.vcxproj", "{8BD4AFAE-8312-4397-858E-BBDB1D2AA060}"
	ProjectSection(ProjectDependencies) = postProject
		{33E1E90B-870D-41FC-931B-2262F2B84A18} = {33E1E90B-870D-41FC-931B-2262F2B84A18}
	EndProjectSection
EndProject
Global
	GlobalSection(SolutionConfigurationPlatforms) = preSolution
		Debug|x64 = Debug|x64
		Debug|x86 = Debug|x86
		Release|x64 = Release|x64
		Release|x86 = Release|x86
	EndGlobalSection
	GlobalSection(ProjectConfigurationPlatforms) = postSolution
		{29B989A5-C68B-4AC4-A780-691D7BAABEF1}.Debug|x64.ActiveCfg = Debug|x64
		{29B989A5-C68B-4AC4-A780-691D7BAABEF1}.Debug|x64.Build.0 = Debug|x64
		{29B989A5-C68B-4AC4-A780-691D7BAABEF1}.Debug|x86.ActiveCfg = Debug|Win32
		{29B989A5-C68B-4AC4-A780-691D7BAABEF1}.Debug|x86.Build.0 = Debug|Win32
		{29B989A5-C68B-4AC4-A780-691D7BAABEF1}.Release|x64.ActiveCfg = Release|x64
		{29B989A5-C68B-4AC4-A780-691D7BAABEF1}.Release|x64.Build.0 = Release|x64
		{29B989A5-C68B-4AC4-A780-691D7BAABEF1}.Release|x86.ActiveCfg = Release|Win32
		{29B989A5-C68B-4AC4-A780-691D7BAABEF1}.Release|x86.Build.0 = Release|Win32
		{4CD6AF99-79AA-410D-92F2-910B309E1A53}.Debug|x64.ActiveCfg = Debug|x64
		{4CD6AF99-79AA-410D-92F2-910B309E1A53}.Debug|x64.Build.0 = Debug|x64
		{4CD6AF99-79AA-410D-92F2-910B309E1A53}.Debug|x86.ActiveCfg = Debug|Win32
		{4CD6AF99-79AA-410D-92F2-910B309E1A53}.Debug|x86.Build.0 = Debug|Win32
		{4CD6AF99-79AA-410D-92F2-910B309E1A53}.Release|x64.ActiveCfg = Release|x64
		{4CD6AF99-79AA-410D-92F2-910B309E1A53}.Release|x64.Build.0 = Release|x64
		{4CD6AF99-79AA-410D-92F2-910B309E1A53}.Release|x86.ActiveCfg = Release|Win32
		{4CD6AF99-79AA-410D-92F2-910B309E1A53}.Release|x86.Build.0 = Release|Win32
		{C44789B3-FD56-4796-869E-B23052030979}.Debug|x64.ActiveCfg = Debug|x64
		{C44789B3-FD56-4796-869E-B23052030979}.Debug|x64.Build.0 = Debug|x64
		{C44789B3-FD56-4796-869E-B23052030979}.Debug|x86.ActiveCfg = Debug|Win32
		{C44789B3-FD56-4796-869E-B23052030979}.Debug|x86.Build.0 = Debug|Win32
		{C44789B3-FD56-4796-869E-B23052030979}.Release|x64.ActiveCfg = Release|x64
		{C44789B3-FD56-4796-869E-B23052030979}.Release|x64.Build.0 = Release|x64
		{C44789B3-FD56-4796-869E-B23052030979}.Release|x86.ActiveCfg = Release|Win32
		{C44789B3-FD56-4796-869E-B23052030979}.Release|x86.Build.0 = Release|Win32
		{33E1E90B-870D-41FC-931B-2262F2B84A18}.Debug|x64.ActiveCfg = Debug|x64
		{33E1E90B-870D-41FC-931B-2262F2B84A18}.Debug|x64.Build.0 = Debug|x64
		{33E1E90B-870D-41FC-931B-2262F2B84A18}.Debug|x86.ActiveCfg = Debug|Win32
		{33E1E90B-870D-41FC-931B-2262F2B84A18}.Debug|x86.Build.0 = Debug|Win32
		{33E1E90B-870D-41FC-931B-2262F2B84A18}.Release|x64.ActiveCfg = Release|x64
		{33E1E90B-870D-41FC-931B-2262F2B84A18}.Release|x64.Build.0 = Release|x64
		{33E1E90B-870D-41FC-931B-2262F2B84A18}.Release|x86.ActiveCfg = Release|Win32
		{33E1E90B-870D-41FC-931B-2262F2B84A18}.Release|x86.Build.0 = Release|Win32
		{8BD4AFAE-8312-4397-858E-BBDB1D2AA060}.Debug|x64.ActiveCfg = Debug|x64
		{8BD4AFAE-8312-4397-858E-BBDB1D2AA060}.Debug|x64.Build.0 = Debug|x64
		{8BD4AFAE-8312-4397-858E-BBDB1D2AA060}.Debug|x86.ActiveCfg = Debug|Win32
		{8BD4AFAE-8312-4397-858E-BBDB1D2AA060}.Debug|x86.Build.0 = Debug|Win32
		{8BD4AFAE-8312-4397-858E-BBDB1D2AA060}.Release|x64.ActiveCfg = Release|x64
		{8BD4AFAE-8312-4397-858E-BBDB1D2AA060}.Release|x64.Build.0 = Release|x64
		{8BD4AFAE-8312-4397-858E-BBDB1D2AA060}.Release|x86.ActiveCfg = Release|Win32
		{8BD4AFAE-8312-4397-858E-BBDB1D2AA060}.Release|x86.Build.0 = Release|Win32
	EndGlobalSection
	GlobalSection(SolutionProperties) = preSolution
		HideSolutionNode = FALSE
	EndGlobalSection
	GlobalSection(ExtensibilityGlobals) = postSolution
		SolutionGuid = {1A943983-5CA3-4FA3-9DEB-AB351018EA34}
	EndGlobalSection
EndGlobal
