<?xml version="1.0" encoding="utf-8"?>
<Project ToolsVersion="4.0" xmlns="http://schemas.microsoft.com/developer/msbuild/2003">
  <ItemGroup>
    <Filter Include="소스 파일">
      <UniqueIdentifier>{4FC737F1-C7A5-4376-A066-2A32D752A2FF}</UniqueIdentifier>
      <Extensions>cpp;c;cc;cxx;def;odl;idl;hpj;bat;asm;asmx</Extensions>
    </Filter>
    <Filter Include="헤더 파일">
      <UniqueIdentifier>{93995380-89BD-4b04-88EB-625FBE52EBFB}</UniqueIdentifier>
      <Extensions>h;hh;hpp;hxx;hm;inl;inc;ipp;xsd</Extensions>
    </Filter>
    <Filter Include="리소스 파일">
      <UniqueIdentifier>{67DA6AB6-F800-4c08-8B7A-83BB121AAD01}</UniqueIdentifier>
      <Extensions>rc;ico;cur;bmp;dlg;rc2;rct;bin;rgs;gif;jpg;jpeg;jpe;resx;tiff;tif;png;wav;mfcribbon-ms</Extensions>
    </Filter>
    <Filter Include="Protocol,std">
      <UniqueIdentifier>{feb0fee8-ec43-452c-b44e-cb6985b1bd89}</UniqueIdentifier>
    </Filter>
    <Filter Include="Protocol,std\소스">
      <UniqueIdentifier>{1a58ab3e-52cd-4bee-984f-fe1c9ebbe4c1}</UniqueIdentifier>
    </Filter>
    <Filter Include="Protocol,std\헤더">
      <UniqueIdentifier>{911445d4-c74c-442b-bd39-5ca36554030b}</UniqueIdentifier>
    </Filter>
  </ItemGroup>
  <ItemGroup>
    <ClInclude Include="Sample.h">
      <Filter>헤더 파일</Filter>
    </ClInclude>
    <ClInclude Include="Server_Game.h">
      <Filter>헤더 파일</Filter>
    </ClInclude>
    <ClInclude Include="Lock.h">
      <Filter>Protocol,std\헤더</Filter>
    </ClInclude>
    <ClInclude Include="Protocol.h">
      <Filter>Protocol,std\헤더</Filter>
    </ClInclude>
    <ClInclude Include="Server_Obj.h">
      <Filter>Protocol,std\헤더</Filter>
    </ClInclude>
    <ClInclude Include="Server_std.h">
      <Filter>Protocol,std\헤더</Filter>
    </ClInclude>
    <ClInclude Include="IOCP.h">
      <Filter>헤더 파일</Filter>
    </ClInclude>
    <ClInclude Include="Thread.h">
      <Filter>Protocol,std\헤더</Filter>
    </ClInclude>
    <ClInclude Include="User.h">
      <Filter>헤더 파일</Filter>
    </ClInclude>
    <ClInclude Include="Acceptor.h">
      <Filter>헤더 파일</Filter>
    </ClInclude>
    <ClInclude Include="User_Mgr.h">
      <Filter>헤더 파일</Filter>
    </ClInclude>
  </ItemGroup>
  <ItemGroup>
    <ClCompile Include="Sample.cpp">
      <Filter>소스 파일</Filter>
    </ClCompile>
    <ClCompile Include="Server_Game.cpp">
      <Filter>소스 파일</Filter>
    </ClCompile>
    <ClCompile Include="Lock.cpp">
      <Filter>Protocol,std\소스</Filter>
    </ClCompile>
    <ClCompile Include="Server_Obj.cpp">
      <Filter>Protocol,std\소스</Filter>
    </ClCompile>
    <ClCompile Include="IOCP.cpp">
      <Filter>소스 파일</Filter>
    </ClCompile>
    <ClCompile Include="Thread.cpp">
      <Filter>Protocol,std\소스</Filter>
    </ClCompile>
    <ClCompile Include="User.cpp">
      <Filter>소스 파일</Filter>
    </ClCompile>
    <ClCompile Include="Acceptor.cpp">
      <Filter>소스 파일</Filter>
    </ClCompile>
    <ClCompile Include="User_Mgr.cpp">
      <Filter>소스 파일</Filter>
    </ClCompile>
  </ItemGroup>
</Project>